
Microsoft Visual Studio Solution File, Format Version 12.00
# Visual Studio Version 17
VisualStudioVersion = 17.2.32630.192
MinimumVisualStudioVersion = 10.0.40219.1
Project("{FAE04EC0-301F-11D3-BF4B-00C04F79EFBC}") = "WinFormsDZ1_2", "WinFormsDZ1_2\WinFormsDZ1_2.csproj", "{D281A644-7975-4084-9C2D-D4CC43AA5385}"
EndProject
Global
	GlobalSection(SolutionConfigurationPlatforms) = preSolution
		Debug|Any CPU = Debug|Any CPU
		Release|Any CPU = Release|Any CPU
	EndGlobalSection
	GlobalSection(ProjectConfigurationPlatforms) = postSolution
		{D281A644-7975-4084-9C2D-D4CC43AA5385}.Debug|Any CPU.ActiveCfg = Debug|Any CPU
		{D281A644-7975-4084-9C2D-D4CC43AA5385}.Debug|Any CPU.Build.0 = Debug|Any CPU
		{D281A644-7975-4084-9C2D-D4CC43AA5385}.Release|Any CPU.ActiveCfg = Release|Any CPU
		{D281A644-7975-4084-9C2D-D4CC43AA5385}.Release|Any CPU.Build.0 = Release|Any CPU
	EndGlobalSection
	GlobalSection(SolutionProperties) = preSolution
		HideSolutionNode = FALSE
	EndGlobalSection
	GlobalSection(ExtensibilityGlobals) = postSolution
		SolutionGuid = {7AAEF1C2-70E2-4CC7-82BD-ABD439861E62}
	EndGlobalSection
EndGlobal
